
Microsoft Visual Studio Solution File, Format Version 12.00
# Visual Studio Version 16
VisualStudioVersion = 16.0.31729.503
MinimumVisualStudioVersion = 10.0.40219.1
Project("{FAE04EC0-301F-11D3-BF4B-00C04F79EFBC}") = "Zad4", "Zad4\Zad4.csproj", "{4C0ABD00-6039-4360-BF8D-CB3BBBC264DE}"
EndProject
Global
	GlobalSection(SolutionConfigurationPlatforms) = preSolution
		Debug|Any CPU = Debug|Any CPU
		Release|Any CPU = Release|Any CPU
	EndGlobalSection
	GlobalSection(ProjectConfigurationPlatforms) = postSolution
		{4C0ABD00-6039-4360-BF8D-CB3BBBC264DE}.Debug|Any CPU.ActiveCfg = Debug|Any CPU
		{4C0ABD00-6039-4360-BF8D-CB3BBBC264DE}.Debug|Any CPU.Build.0 = Debug|Any CPU
		{4C0ABD00-6039-4360-BF8D-CB3BBBC264DE}.Release|Any CPU.ActiveCfg = Release|Any CPU
		{4C0ABD00-6039-4360-BF8D-CB3BBBC264DE}.Release|Any CPU.Build.0 = Release|Any CPU
	EndGlobalSection
	GlobalSection(SolutionProperties) = preSolution
		HideSolutionNode = FALSE
	EndGlobalSection
	GlobalSection(ExtensibilityGlobals) = postSolution
		SolutionGuid = {B71054B9-FCA2-4366-820D-24AC3D6E8222}
	EndGlobalSection
EndGlobal
